
Microsoft Visual Studio Solution File, Format Version 12.00
# Visual Studio 15
VisualStudioVersion = 15.0.27130.2010
MinimumVisualStudioVersion = 10.0.40219.1
Project("{FAE04EC0-301F-11D3-BF4B-00C04F79EFBC}") = "ParserLibrary.Tests", "ParserLibrary.Tests\ParserLibrary.Tests.csproj", "{33979E26-45F7-417C-84A1-33999EFCA7CA}"
EndProject
Project("{FAE04EC0-301F-11D3-BF4B-00C04F79EFBC}") = "ParserLibrary", "ParserLibrary\ParserLibrary.csproj", "{526475EE-C201-45B4-8976-4B43B07A64E5}"
EndProject
Project("{FAE04EC0-301F-11D3-BF4B-00C04F79EFBC}") = "ParserGui", "ParserGui\ParserGui.csproj", "{CE63F884-74C0-44E1-A786-C4BADF651F50}"
EndProject
Global
	GlobalSection(SolutionConfigurationPlatforms) = preSolution
		Debug|Any CPU = Debug|Any CPU
		Release|Any CPU = Release|Any CPU
	EndGlobalSection
	GlobalSection(ProjectConfigurationPlatforms) = postSolution
		{33979E26-45F7-417C-84A1-33999EFCA7CA}.Debug|Any CPU.ActiveCfg = Debug|Any CPU
		{33979E26-45F7-417C-84A1-33999EFCA7CA}.Debug|Any CPU.Build.0 = Debug|Any CPU
		{33979E26-45F7-417C-84A1-33999EFCA7CA}.Release|Any CPU.ActiveCfg = Release|Any CPU
		{33979E26-45F7-417C-84A1-33999EFCA7CA}.Release|Any CPU.Build.0 = Release|Any CPU
		{526475EE-C201-45B4-8976-4B43B07A64E5}.Debug|Any CPU.ActiveCfg = Debug|Any CPU
		{526475EE-C201-45B4-8976-4B43B07A64E5}.Debug|Any CPU.Build.0 = Debug|Any CPU
		{526475EE-C201-45B4-8976-4B43B07A64E5}.Release|Any CPU.ActiveCfg = Release|Any CPU
		{526475EE-C201-45B4-8976-4B43B07A64E5}.Release|Any CPU.Build.0 = Release|Any CPU
		{CE63F884-74C0-44E1-A786-C4BADF651F50}.Debug|Any CPU.ActiveCfg = Debug|Any CPU
		{CE63F884-74C0-44E1-A786-C4BADF651F50}.Debug|Any CPU.Build.0 = Debug|Any CPU
		{CE63F884-74C0-44E1-A786-C4BADF651F50}.Release|Any CPU.ActiveCfg = Release|Any CPU
		{CE63F884-74C0-44E1-A786-C4BADF651F50}.Release|Any CPU.Build.0 = Release|Any CPU
	EndGlobalSection
	GlobalSection(SolutionProperties) = preSolution
		HideSolutionNode = FALSE
	EndGlobalSection
	GlobalSection(ExtensibilityGlobals) = postSolution
		SolutionGuid = {21A08E23-9863-4411-98D6-8E7D82535F10}
	EndGlobalSection
EndGlobal
